// !$*UTF8*$!
{
	archiveVersion = 1;
	classes = {
	};
	objectVersion = 77;
	objects = {

/* Begin PBXContainerItemProxy section */
		CB24CB5D2CDB62890013E8FB /* PBXContainerItemProxy */ = {
			isa = PBXContainerItemProxy;
			containerPortal = CB24CB3E2CDB62870013E8FB /* Project object */;
			proxyType = 1;
			remoteGlobalIDString = CB24CB452CDB62870013E8FB;
			remoteInfo = Proyecto_final_Diario_depresion;
		};
		CB24CB672CDB62890013E8FB /* PBXContainerItemProxy */ = {
			isa = PBXContainerItemProxy;
			containerPortal = CB24CB3E2CDB62870013E8FB /* Project object */;
			proxyType = 1;
			remoteGlobalIDString = CB24CB452CDB62870013E8FB;
			remoteInfo = Proyecto_final_Diario_depresion;
		};
/* End PBXContainerItemProxy section */

/* Begin PBXFileReference section */
		CB24CB462CDB62870013E8FB /* Proyecto_final_Diario_depresion.app */ = {isa = PBXFileReference; explicitFileType = wrapper.application; includeInIndex = 0; path = Proyecto_final_Diario_depresion.app; sourceTree = BUILT_PRODUCTS_DIR; };
		CB24CB5C2CDB62890013E8FB /* Proyecto_final_Diario_depresionTests.xctest */ = {isa = PBXFileReference; explicitFileType = wrapper.cfbundle; includeInIndex = 0; path = Proyecto_final_Diario_depresionTests.xctest; sourceTree = BUILT_PRODUCTS_DIR; };
		CB24CB662CDB62890013E8FB /* Proyecto_final_Diario_depresionUITests.xctest */ = {isa = PBXFileReference; explicitFileType = wrapper.cfbundle; includeInIndex = 0; path = Proyecto_final_Diario_depresionUITests.xctest; sourceTree = BUILT_PRODUCTS_DIR; };
/* End PBXFileReference section */

/* Begin PBXFileSystemSynchronizedBuildFileExceptionSet section */
		CB24CB6E2CDB62890013E8FB /* Exceptions for "Proyecto_final_Diario_depresion" folder in "Proyecto_final_Diario_depresion" target */ = {
			isa = PBXFileSystemSynchronizedBuildFileExceptionSet;
			membershipExceptions = (
				Info.plist,
			);
			target = CB24CB452CDB62870013E8FB /* Proyecto_final_Diario_depresion */;
		};
/* End PBXFileSystemSynchronizedBuildFileExceptionSet section */

/* Begin PBXFileSystemSynchronizedRootGroup section */
		CB24CB482CDB62870013E8FB /* Proyecto_final_Diario_depresion */ = {
			isa = PBXFileSystemSynchronizedRootGroup;
			exceptions = (
				CB24CB6E2CDB62890013E8FB /* Exceptions for "Proyecto_final_Diario_depresion" folder in "Proyecto_final_Diario_depresion" target */,
			);
			path = Proyecto_final_Diario_depresion;
			sourceTree = "<group>";
		};
		CB24CB5F2CDB62890013E8FB /* Proyecto_final_Diario_depresionTests */ = {
			isa = PBXFileSystemSynchronizedRootGroup;
			path = Proyecto_final_Diario_depresionTests;
			sourceTree = "<group>";
		};
		CB24CB692CDB62890013E8FB /* Proyecto_final_Diario_depresionUITests */ = {
			isa = PBXFileSystemSynchronizedRootGroup;
			path = Proyecto_final_Diario_depresionUITests;
			sourceTree = "<group>";
		};
/* End PBXFileSystemSynchronizedRootGroup section */

/* Begin PBXFrameworksBuildPhase section */
		CB24CB432CDB62870013E8FB /* Frameworks */ = {
			isa = PBXFrameworksBuildPhase;
			buildActionMask = 2147483647;
			files = (
			);
			runOnlyForDeploymentPostprocessing = 0;
		};
		CB24CB592CDB62890013E8FB /* Frameworks */ = {
			isa = PBXFrameworksBuildPhase;
			buildActionMask = 2147483647;
			files = (
			);
			runOnlyForDeploymentPostprocessing = 0;
		};
		CB24CB632CDB62890013E8FB /* Frameworks */ = {
			isa = PBXFrameworksBuildPhase;
			buildActionMask = 2147483647;
			files = (
			);
			runOnlyForDeploymentPostprocessing = 0;
		};
/* End PBXFrameworksBuildPhase section */

/* Begin PBXGroup section */
		CB24CB3D2CDB62870013E8FB = {
			isa = PBXGroup;
			children = (
				CB24CB482CDB62870013E8FB /* Proyecto_final_Diario_depresion */,
				CB24CB5F2CDB62890013E8FB /* Proyecto_final_Diario_depresionTests */,
				CB24CB692CDB62890013E8FB /* Proyecto_final_Diario_depresionUITests */,
				CB24CB472CDB62870013E8FB /* Products */,
			);
			sourceTree = "<group>";
		};
		CB24CB472CDB62870013E8FB /* Products */ = {
			isa = PBXGroup;
			children = (
				CB24CB462CDB62870013E8FB /* Proyecto_final_Diario_depresion.app */,
				CB24CB5C2CDB62890013E8FB /* Proyecto_final_Diario_depresionTests.xctest */,
				CB24CB662CDB62890013E8FB /* Proyecto_final_Diario_depresionUITests.xctest */,
			);
			name = Products;
			sourceTree = "<group>";
		};
/* End PBXGroup section */

/* Begin PBXNativeTarget section */
		CB24CB452CDB62870013E8FB /* Proyecto_final_Diario_depresion */ = {
			isa = PBXNativeTarget;
			buildConfigurationList = CB24CB6F2CDB62890013E8FB /* Build configuration list for PBXNativeTarget "Proyecto_final_Diario_depresion" */;
			buildPhases = (
				CB24CB422CDB62870013E8FB /* Sources */,
				CB24CB432CDB62870013E8FB /* Frameworks */,
				CB24CB442CDB62870013E8FB /* Resources */,
			);
			buildRules = (
			);
			dependencies = (
			);
			fileSystemSynchronizedGroups = (
				CB24CB482CDB62870013E8FB /* Proyecto_final_Diario_depresion */,
			);
			name = Proyecto_final_Diario_depresion;
			packageProductDependencies = (
			);
			productName = Proyecto_final_Diario_depresion;
			productReference = CB24CB462CDB62870013E8FB /* Proyecto_final_Diario_depresion.app */;
			productType = "com.apple.product-type.application";
		};
		CB24CB5B2CDB62890013E8FB /* Proyecto_final_Diario_depresionTests */ = {
			isa = PBXNativeTarget;
			buildConfigurationList = CB24CB742CDB62890013E8FB /* Build configuration list for PBXNativeTarget "Proyecto_final_Diario_depresionTests" */;
			buildPhases = (
				CB24CB582CDB62890013E8FB /* Sources */,
				CB24CB592CDB62890013E8FB /* Frameworks */,
				CB24CB5A2CDB62890013E8FB /* Resources */,
			);
			buildRules = (
			);
			dependencies = (
				CB24CB5E2CDB62890013E8FB /* PBXTargetDependency */,
			);
			fileSystemSynchronizedGroups = (
				CB24CB5F2CDB62890013E8FB /* Proyecto_final_Diario_depresionTests */,
			);
			name = Proyecto_final_Diario_depresionTests;
			packageProductDependencies = (
			);
			productName = Proyecto_final_Diario_depresionTests;
			productReference = CB24CB5C2CDB62890013E8FB /* Proyecto_final_Diario_depresionTests.xctest */;
			productType = "com.apple.product-type.bundle.unit-test";
		};
		CB24CB652CDB62890013E8FB /* Proyecto_final_Diario_depresionUITests */ = {
			isa = PBXNativeTarget;
			buildConfigurationList = CB24CB772CDB62890013E8FB /* Build configuration list for PBXNativeTarget "Proyecto_final_Diario_depresionUITests" */;
			buildPhases = (
				CB24CB622CDB62890013E8FB /* Sources */,
				CB24CB632CDB62890013E8FB /* Frameworks */,
				CB24CB642CDB62890013E8FB /* Resources */,
			);
			buildRules = (
			);
			dependencies = (
				CB24CB682CDB62890013E8FB /* PBXTargetDependency */,
			);
			fileSystemSynchronizedGroups = (
				CB24CB692CDB62890013E8FB /* Proyecto_final_Diario_depresionUITests */,
			);
			name = Proyecto_final_Diario_depresionUITests;
			packageProductDependencies = (
			);
			productName = Proyecto_final_Diario_depresionUITests;
			productReference = CB24CB662CDB62890013E8FB /* Proyecto_final_Diario_depresionUITests.xctest */;
			productType = "com.apple.product-type.bundle.ui-testing";
		};
/* End PBXNativeTarget section */

/* Begin PBXProject section */
		CB24CB3E2CDB62870013E8FB /* Project object */ = {
			isa = PBXProject;
			attributes = {
				BuildIndependentTargetsInParallel = 1;
				LastSwiftUpdateCheck = 1610;
				LastUpgradeCheck = 1610;
				TargetAttributes = {
					CB24CB452CDB62870013E8FB = {
						CreatedOnToolsVersion = 16.1;
					};
					CB24CB5B2CDB62890013E8FB = {
						CreatedOnToolsVersion = 16.1;
						TestTargetID = CB24CB452CDB62870013E8FB;
					};
					CB24CB652CDB62890013E8FB = {
						CreatedOnToolsVersion = 16.1;
						TestTargetID = CB24CB452CDB62870013E8FB;
					};
				};
			};
			buildConfigurationList = CB24CB412CDB62870013E8FB /* Build configuration list for PBXProject "Proyecto_final_Diario_depresion" */;
			developmentRegion = en;
			hasScannedForEncodings = 0;
			knownRegions = (
				en,
				Base,
			);
			mainGroup = CB24CB3D2CDB62870013E8FB;
			minimizedProjectReferenceProxies = 1;
			preferredProjectObjectVersion = 77;
			productRefGroup = CB24CB472CDB62870013E8FB /* Products */;
			projectDirPath = "";
			projectRoot = "";
			targets = (
				CB24CB452CDB62870013E8FB /* Proyecto_final_Diario_depresion */,
				CB24CB5B2CDB62890013E8FB /* Proyecto_final_Diario_depresionTests */,
				CB24CB652CDB62890013E8FB /* Proyecto_final_Diario_depresionUITests */,
			);
		};
/* End PBXProject section */

/* Begin PBXResourcesBuildPhase section */
		CB24CB442CDB62870013E8FB /* Resources */ = {
			isa = PBXResourcesBuildPhase;
			buildActionMask = 2147483647;
			files = (
			);
			runOnlyForDeploymentPostprocessing = 0;
		};
		CB24CB5A2CDB62890013E8FB /* Resources */ = {
			isa = PBXResourcesBuildPhase;
			buildActionMask = 2147483647;
			files = (
			);
			runOnlyForDeploymentPostprocessing = 0;
		};
		CB24CB642CDB62890013E8FB /* Resources */ = {
			isa = PBXResourcesBuildPhase;
			buildActionMask = 2147483647;
			files = (
			);
			runOnlyForDeploymentPostprocessing = 0;
		};
/* End PBXResourcesBuildPhase section */

/* Begin PBXSourcesBuildPhase section */
		CB24CB422CDB62870013E8FB /* Sources */ = {
			isa = PBXSourcesBuildPhase;
			buildActionMask = 2147483647;
			files = (
			);
			runOnlyForDeploymentPostprocessing = 0;
		};
		CB24CB582CDB62890013E8FB /* Sources */ = {
			isa = PBXSourcesBuildPhase;
			buildActionMask = 2147483647;
			files = (
			);
			runOnlyForDeploymentPostprocessing = 0;
		};
		CB24CB622CDB62890013E8FB /* Sources */ = {
			isa = PBXSourcesBuildPhase;
			buildActionMask = 2147483647;
			files = (
			);
			runOnlyForDeploymentPostprocessing = 0;
		};
/* End PBXSourcesBuildPhase section */

/* Begin PBXTargetDependency section */
		CB24CB5E2CDB62890013E8FB /* PBXTargetDependency */ = {
			isa = PBXTargetDependency;
			target = CB24CB452CDB62870013E8FB /* Proyecto_final_Diario_depresion */;
			targetProxy = CB24CB5D2CDB62890013E8FB /* PBXContainerItemProxy */;
		};
		CB24CB682CDB62890013E8FB /* PBXTargetDependency */ = {
			isa = PBXTargetDependency;
			target = CB24CB452CDB62870013E8FB /* Proyecto_final_Diario_depresion */;
			targetProxy = CB24CB672CDB62890013E8FB /* PBXContainerItemProxy */;
		};
/* End PBXTargetDependency section */

/* Begin XCBuildConfiguration section */
		CB24CB702CDB62890013E8FB /* Debug */ = {
			isa = XCBuildConfiguration;
			buildSettings = {
				ASSETCATALOG_COMPILER_APPICON_NAME = AppIcon;
				ASSETCATALOG_COMPILER_GLOBAL_ACCENT_COLOR_NAME = AccentColor;
				CODE_SIGN_STYLE = Automatic;
				CURRENT_PROJECT_VERSION = 1;
				GENERATE_INFOPLIST_FILE = YES;
				INFOPLIST_FILE = Proyecto_final_Diario_depresion/Info.plist;
				INFOPLIST_KEY_UIApplicationSupportsIndirectInputEvents = YES;
				INFOPLIST_KEY_UILaunchStoryboardName = LaunchScreen;
				INFOPLIST_KEY_UIMainStoryboardFile = Main;
				INFOPLIST_KEY_UISupportedInterfaceOrientations_iPad = "UIInterfaceOrientationPortrait UIInterfaceOrientationPortraitUpsideDown UIInterfaceOrientationLandscapeLeft UIInterfaceOrientationLandscapeRight";
				INFOPLIST_KEY_UISupportedInterfaceOrientations_iPhone = "UIInterfaceOrientationPortrait UIInterfaceOrientationLandscapeLeft UIInterfaceOrientationLandscapeRight";
				LD_RUNPATH_SEARCH_PATHS = (
					"$(inherited)",
					"@executable_path/Frameworks",
				);
				MARKETING_VERSION = 1.0;
				PRODUCT_BUNDLE_IDENTIFIER = "Mashiron.Proyecto-final-Diario-depresion";
				PRODUCT_NAME = "$(TARGET_NAME)";
				SWIFT_EMIT_LOC_STRINGS = YES;
				SWIFT_VERSION = 5.0;
				TARGETED_DEVICE_FAMILY = "1,2";
			};
			name = Debug;
		};
		CB24CB712CDB62890013E8FB /* Release */ = {
			isa = XCBuildConfiguration;
			buildSettings = {
				ASSETCATALOG_COMPILER_APPICON_NAME = AppIcon;
				ASSETCATALOG_COMPILER_GLOBAL_ACCENT_COLOR_NAME = AccentColor;
				CODE_SIGN_STYLE = Automatic;
				CURRENT_PROJECT_VERSION = 1;
				GENERATE_INFOPLIST_FILE = YES;
				INFOPLIST_FILE = Proyecto_final_Diario_depresion/Info.plist;
				INFOPLIST_KEY_UIApplicationSupportsIndirectInputEvents = YES;
				INFOPLIST_KEY_UILaunchStoryboardName = LaunchScreen;
				INFOPLIST_KEY_UIMainStoryboardFile = Main;
				INFOPLIST_KEY_UISupportedInterfaceOrientations_iPad = "UIInterfaceOrientationPortrait UIInterfaceOrientationPortraitUpsideDown UIInterfaceOrientationLandscapeLeft UIInterfaceOrientationLandscapeRight";
				INFOPLIST_KEY_UISupportedInterfaceOrientations_iPhone = "UIInterfaceOrientationPortrait UIInterfaceOrientationLandscapeLeft UIInterfaceOrientationLandscapeRight";
				LD_RUNPATH_SEARCH_PATHS = (
					"$(inherited)",
					"@executable_path/Frameworks",
				);
				MARKETING_VERSION = 1.0;
				PRODUCT_BUNDLE_IDENTIFIER = "Mashiron.Proyecto-final-Diario-depresion";
				PRODUCT_NAME = "$(TARGET_NAME)";
				SWIFT_EMIT_LOC_STRINGS = YES;
				SWIFT_VERSION = 5.0;
				TARGETED_DEVICE_FAMILY = "1,2";
			};
			name = Release;
		};
		CB24CB722CDB62890013E8FB /* Debug */ = {
			isa = XCBuildConfiguration;
			buildSettings = {
				ALWAYS_SEARCH_USER_PATHS = NO;
				ASSETCATALOG_COMPILER_GENERATE_SWIFT_ASSET_SYMBOL_EXTENSIONS = YES;
				CLANG_ANALYZER_NONNULL = YES;
				CLANG_ANALYZER_NUMBER_OBJECT_CONVERSION = YES_AGGRESSIVE;
				CLANG_CXX_LANGUAGE_STANDARD = "gnu++20";
				CLANG_ENABLE_MODULES = YES;
				CLANG_ENABLE_OBJC_ARC = YES;
				CLANG_ENABLE_OBJC_WEAK = YES;
				CLANG_WARN_BLOCK_CAPTURE_AUTORELEASING = YES;
				CLANG_WARN_BOOL_CONVERSION = YES;
				CLANG_WARN_COMMA = YES;
				CLANG_WARN_CONSTANT_CONVERSION = YES;
				CLANG_WARN_DEPRECATED_OBJC_IMPLEMENTATIONS = YES;
				CLANG_WARN_DIRECT_OBJC_ISA_USAGE = YES_ERROR;
				CLANG_WARN_DOCUMENTATION_COMMENTS = YES;
				CLANG_WARN_EMPTY_BODY = YES;
				CLANG_WARN_ENUM_CONVERSION = YES;
				CLANG_WARN_INFINITE_RECURSION = YES;
				CLANG_WARN_INT_CONVERSION = YES;
				CLANG_WARN_NON_LITERAL_NULL_CONVERSION = YES;
				CLANG_WARN_OBJC_IMPLICIT_RETAIN_SELF = YES;
				CLANG_WARN_OBJC_LITERAL_CONVERSION = YES;
				CLANG_WARN_OBJC_ROOT_CLASS = YES_ERROR;
				CLANG_WARN_QUOTED_INCLUDE_IN_FRAMEWORK_HEADER = YES;
				CLANG_WARN_RANGE_LOOP_ANALYSIS = YES;
				CLANG_WARN_STRICT_PROTOTYPES = YES;
				CLANG_WARN_SUSPICIOUS_MOVE = YES;
				CLANG_WARN_UNGUARDED_AVAILABILITY = YES_AGGRESSIVE;
				CLANG_WARN_UNREACHABLE_CODE = YES;
				CLANG_WARN__DUPLICATE_METHOD_MATCH = YES;
				COPY_PHASE_STRIP = NO;
				DEBUG_INFORMATION_FORMAT = dwarf;
				ENABLE_STRICT_OBJC_MSGSEND = YES;
				ENABLE_TESTABILITY = YES;
				ENABLE_USER_SCRIPT_SANDBOXING = YES;
				GCC_C_LANGUAGE_STANDARD = gnu17;
				GCC_DYNAMIC_NO_PIC = NO;
				GCC_NO_COMMON_BLOCKS = YES;
				GCC_OPTIMIZATION_LEVEL = 0;
				GCC_PREPROCESSOR_DEFINITIONS = (
					"DEBUG=1",
					"$(inherited)",
				);
				GCC_WARN_64_TO_32_BIT_CONVERSION = YES;
				GCC_WARN_ABOUT_RETURN_TYPE = YES_ERROR;
				GCC_WARN_UNDECLARED_SELECTOR = YES;
				GCC_WARN_UNINITIALIZED_AUTOS = YES_AGGRESSIVE;
				GCC_WARN_UNUSED_FUNCTION = YES;
				GCC_WARN_UNUSED_VARIABLE = YES;
				IPHONEOS_DEPLOYMENT_TARGET = 18.1;
				LOCALIZATION_PREFERS_STRING_CATALOGS = YES;
				MTL_ENABLE_DEBUG_INFO = INCLUDE_SOURCE;
				MTL_FAST_MATH = YES;
				ONLY_ACTIVE_ARCH = YES;
				SDKROOT = iphoneos;
				SWIFT_ACTIVE_COMPILATION_CONDITIONS = "DEBUG $(inherited)";
				SWIFT_OPTIMIZATION_LEVEL = "-Onone";
			};
			name = Debug;
		};
		CB24CB732CDB62890013E8FB /* Release */ = {
			isa = XCBuildConfiguration;
			buildSettings = {
				ALWAYS_SEARCH_USER_PATHS = NO;
				ASSETCATALOG_COMPILER_GENERATE_SWIFT_ASSET_SYMBOL_EXTENSIONS = YES;
				CLANG_ANALYZER_NONNULL = YES;
				CLANG_ANALYZER_NUMBER_OBJECT_CONVERSION = YES_AGGRESSIVE;
				CLANG_CXX_LANGUAGE_STANDARD = "gnu++20";
				CLANG_ENABLE_MODULES = YES;
				CLANG_ENABLE_OBJC_ARC = YES;
				CLANG_ENABLE_OBJC_WEAK = YES;
				CLANG_WARN_BLOCK_CAPTURE_AUTORELEASING = YES;
				CLANG_WARN_BOOL_CONVERSION = YES;
				CLANG_WARN_COMMA = YES;
				CLANG_WARN_CONSTANT_CONVERSION = YES;
				CLANG_WARN_DEPRECATED_OBJC_IMPLEMENTATIONS = YES;
				CLANG_WARN_DIRECT_OBJC_ISA_USAGE = YES_ERROR;
				CLANG_WARN_DOCUMENTATION_COMMENTS = YES;
				CLANG_WARN_EMPTY_BODY = YES;
				CLANG_WARN_ENUM_CONVERSION = YES;
				CLANG_WARN_INFINITE_RECURSION = YES;
				CLANG_WARN_INT_CONVERSION = YES;
				CLANG_WARN_NON_LITERAL_NULL_CONVERSION = YES;
				CLANG_WARN_OBJC_IMPLICIT_RETAIN_SELF = YES;
				CLANG_WARN_OBJC_LITERAL_CONVERSION = YES;
				CLANG_WARN_OBJC_ROOT_CLASS = YES_ERROR;
				CLANG_WARN_QUOTED_INCLUDE_IN_FRAMEWORK_HEADER = YES;
				CLANG_WARN_RANGE_LOOP_ANALYSIS = YES;
				CLANG_WARN_STRICT_PROTOTYPES = YES;
				CLANG_WARN_SUSPICIOUS_MOVE = YES;
				CLANG_WARN_UNGUARDED_AVAILABILITY = YES_AGGRESSIVE;
				CLANG_WARN_UNREACHABLE_CODE = YES;
				CLANG_WARN__DUPLICATE_METHOD_MATCH = YES;
				COPY_PHASE_STRIP = NO;
				DEBUG_INFORMATION_FORMAT = "dwarf-with-dsym";
				ENABLE_NS_ASSERTIONS = NO;
				ENABLE_STRICT_OBJC_MSGSEND = YES;
				ENABLE_USER_SCRIPT_SANDBOXING = YES;
				GCC_C_LANGUAGE_STANDARD = gnu17;
				GCC_NO_COMMON_BLOCKS = YES;
				GCC_WARN_64_TO_32_BIT_CONVERSION = YES;
				GCC_WARN_ABOUT_RETURN_TYPE = YES_ERROR;
				GCC_WARN_UNDECLARED_SELECTOR = YES;
				GCC_WARN_UNINITIALIZED_AUTOS = YES_AGGRESSIVE;
				GCC_WARN_UNUSED_FUNCTION = YES;
				GCC_WARN_UNUSED_VARIABLE = YES;
				IPHONEOS_DEPLOYMENT_TARGET = 18.1;
				LOCALIZATION_PREFERS_STRING_CATALOGS = YES;
				MTL_ENABLE_DEBUG_INFO = NO;
				MTL_FAST_MATH = YES;
				SDKROOT = iphoneos;
				SWIFT_COMPILATION_MODE = wholemodule;
				VALIDATE_PRODUCT = YES;
			};
			name = Release;
		};
		CB24CB752CDB62890013E8FB /* Debug */ = {
			isa = XCBuildConfiguration;
			buildSettings = {
				BUNDLE_LOADER = "$(TEST_HOST)";
				CODE_SIGN_STYLE = Automatic;
				CURRENT_PROJECT_VERSION = 1;
				GENERATE_INFOPLIST_FILE = YES;
				IPHONEOS_DEPLOYMENT_TARGET = 18.1;
				MARKETING_VERSION = 1.0;
				PRODUCT_BUNDLE_IDENTIFIER = "Mashiron.Proyecto-final-Diario-depresionTests";
				PRODUCT_NAME = "$(TARGET_NAME)";
				SWIFT_EMIT_LOC_STRINGS = NO;
				SWIFT_VERSION = 5.0;
				TARGETED_DEVICE_FAMILY = "1,2";
				TEST_HOST = "$(BUILT_PRODUCTS_DIR)/Proyecto_final_Diario_depresion.app/$(BUNDLE_EXECUTABLE_FOLDER_PATH)/Proyecto_final_Diario_depresion";
			};
			name = Debug;
		};
		CB24CB762CDB62890013E8FB /* Release */ = {
			isa = XCBuildConfiguration;
			buildSettings = {
				BUNDLE_LOADER = "$(TEST_HOST)";
				CODE_SIGN_STYLE = Automatic;
				CURRENT_PROJECT_VERSION = 1;
				GENERATE_INFOPLIST_FILE = YES;
				IPHONEOS_DEPLOYMENT_TARGET = 18.1;
				MARKETING_VERSION = 1.0;
				PRODUCT_BUNDLE_IDENTIFIER = "Mashiron.Proyecto-final-Diario-depresionTests";
				PRODUCT_NAME = "$(TARGET_NAME)";
				SWIFT_EMIT_LOC_STRINGS = NO;
				SWIFT_VERSION = 5.0;
				TARGETED_DEVICE_FAMILY = "1,2";
				TEST_HOST = "$(BUILT_PRODUCTS_DIR)/Proyecto_final_Diario_depresion.app/$(BUNDLE_EXECUTABLE_FOLDER_PATH)/Proyecto_final_Diario_depresion";
			};
			name = Release;
		};
		CB24CB782CDB62890013E8FB /* Debug */ = {
			isa = XCBuildConfiguration;
			buildSettings = {
				CODE_SIGN_STYLE = Automatic;
				CURRENT_PROJECT_VERSION = 1;
				GENERATE_INFOPLIST_FILE = YES;
				MARKETING_VERSION = 1.0;
				PRODUCT_BUNDLE_IDENTIFIER = "Mashiron.Proyecto-final-Diario-depresionUITests";
				PRODUCT_NAME = "$(TARGET_NAME)";
				SWIFT_EMIT_LOC_STRINGS = NO;
				SWIFT_VERSION = 5.0;
				TARGETED_DEVICE_FAMILY = "1,2";
				TEST_TARGET_NAME = Proyecto_final_Diario_depresion;
			};
			name = Debug;
		};
		CB24CB792CDB62890013E8FB /* Release */ = {
			isa = XCBuildConfiguration;
			buildSettings = {
				CODE_SIGN_STYLE = Automatic;
				CURRENT_PROJECT_VERSION = 1;
				GENERATE_INFOPLIST_FILE = YES;
				MARKETING_VERSION = 1.0;
				PRODUCT_BUNDLE_IDENTIFIER = "Mashiron.Proyecto-final-Diario-depresionUITests";
				PRODUCT_NAME = "$(TARGET_NAME)";
				SWIFT_EMIT_LOC_STRINGS = NO;
				SWIFT_VERSION = 5.0;
				TARGETED_DEVICE_FAMILY = "1,2";
				TEST_TARGET_NAME = Proyecto_final_Diario_depresion;
			};
			name = Release;
		};
/* End XCBuildConfiguration section */

/* Begin XCConfigurationList section */
		CB24CB412CDB62870013E8FB /* Build configuration list for PBXProject "Proyecto_final_Diario_depresion" */ = {
			isa = XCConfigurationList;
			buildConfigurations = (
				CB24CB722CDB62890013E8FB /* Debug */,
				CB24CB732CDB62890013E8FB /* Release */,
			);
			defaultConfigurationIsVisible = 0;
			defaultConfigurationName = Release;
		};
		CB24CB6F2CDB62890013E8FB /* Build configuration list for PBXNativeTarget "Proyecto_final_Diario_depresion" */ = {
			isa = XCConfigurationList;
			buildConfigurations = (
				CB24CB702CDB62890013E8FB /* Debug */,
				CB24CB712CDB62890013E8FB /* Release */,
			);
			defaultConfigurationIsVisible = 0;
			defaultConfigurationName = Release;
		};
		CB24CB742CDB62890013E8FB /* Build configuration list for PBXNativeTarget "Proyecto_final_Diario_depresionTests" */ = {
			isa = XCConfigurationList;
			buildConfigurations = (
				CB24CB752CDB62890013E8FB /* Debug */,
				CB24CB762CDB62890013E8FB /* Release */,
			);
			defaultConfigurationIsVisible = 0;
			defaultConfigurationName = Release;
		};
		CB24CB772CDB62890013E8FB /* Build configuration list for PBXNativeTarget "Proyecto_final_Diario_depresionUITests" */ = {
			isa = XCConfigurationList;
			buildConfigurations = (
				CB24CB782CDB62890013E8FB /* Debug */,
				CB24CB792CDB62890013E8FB /* Release */,
			);
			defaultConfigurationIsVisible = 0;
			defaultConfigurationName = Release;
		};
/* End XCConfigurationList section */
	};
	rootObject = CB24CB3E2CDB62870013E8FB /* Project object */;
}
